# THIS IS AN AUTOGENERATED FILE. DO NOT EDIT THIS FILE DIRECTLY.
# yarn lockfile v1


"@types/json-schema@^7.0.3":
  version "7.0.4"
  resolved "https://packages.atlassian.com/api/npm/npm-remote/@types/json-schema/-/json-schema-7.0.4.tgz#38fd73ddfd9b55abb1e1b2ed578cb55bd7b7d339"
  integrity sha1-OP1z3f2bVaux4bLtV4y1W9e30zk=

"@types/node@^13.13.5":
  version "13.13.5"
  resolved "https://packages.atlassian.com/api/npm/npm-remote/@types/node/-/node-13.13.5.tgz#96ec3b0afafd64a4ccea9107b75bf8489f0e5765"
  integrity sha1-luw7Cvr9ZKTM6pEHt1v4SJ8OV2U=

ajv@^6.12.2:
  version "6.12.2"
  resolved "https://packages.atlassian.com/api/npm/npm-remote/ajv/-/ajv-6.12.2.tgz#c629c5eced17baf314437918d2da88c99d5958cd"
  integrity sha1-xinF7O0XuvMUQ3kY0tqIyZ1ZWM0=
  dependencies:
    fast-deep-equal "^3.1.1"
    fast-json-stable-stringify "^2.0.0"
    json-schema-traverse "^0.4.1"
    uri-js "^4.2.2"

ansi-regex@^4.1.0:
  version "4.1.0"
  resolved "https://packages.atlassian.com/api/npm/npm-remote/ansi-regex/-/ansi-regex-4.1.0.tgz#8b9f8f08cf1acb843756a839ca8c7e3168c51997"
  integrity sha1-i5+PCM8ay4Q3Vqg5yox+MWjFGZc=

ansi-styles@^3.2.0:
  version "3.2.1"
  resolved "https://packages.atlassian.com/api/npm/npm-remote/ansi-styles/-/ansi-styles-3.2.1.tgz#41fbb20243e50b12be0f04b8dedbf07520ce841d"
  integrity sha1-QfuyAkPlCxK+DwS43tvwdSDOhB0=
  dependencies:
    color-convert "^1.9.0"

arg@^4.1.0:
  version "4.1.3"
  resolved "https://packages.atlassian.com/api/npm/npm-remote/arg/-/arg-4.1.3.tgz#269fc7ad5b8e42cb63c896d5666017261c144089"
  integrity sha1-Jp/HrVuOQstjyJbVZmAXJhwUQIk=

atlassian-openapi@^1.0.8:
  version "1.0.8"
  resolved "https://packages.atlassian.com/api/npm/npm-remote/atlassian-openapi/-/atlassian-openapi-1.0.8.tgz#aa81a13a68784ed46c3bd708bc3203536d92d8d0"
  integrity sha1-qoGhOmh4TtRsO9cIvDIDU22S2NA=
  dependencies:
    jsonpointer "^4.0.1"
    urijs "^1.18.10"

balanced-match@^1.0.0:
  version "1.0.0"
  resolved "https://packages.atlassian.com/api/npm/npm-remote/balanced-match/-/balanced-match-1.0.0.tgz#89b4d199ab2bee49de164ea02b89ce462d71b767"
  integrity sha1-ibTRmasr7kneFk6gK4nORi1xt2c=

brace-expansion@^1.1.7:
  version "1.1.11"
  resolved "https://packages.atlassian.com/api/npm/npm-remote/brace-expansion/-/brace-expansion-1.1.11.tgz#3c7fcbf529d87226f3d2f52b966ff5271eb441dd"
  integrity sha1-PH/L9SnYcibz0vUrlm/1Jx60Qd0=
  dependencies:
    balanced-match "^1.0.0"
    concat-map "0.0.1"

buffer-from@^1.0.0:
  version "1.1.1"
  resolved "https://packages.atlassian.com/api/npm/npm-remote/buffer-from/-/buffer-from-1.1.1.tgz#32713bc028f75c02fdb710d7c7bcec1f2c6070ef"
  integrity sha1-MnE7wCj3XAL9txDXx7zsHyxgcO8=

camelcase@^5.0.0:
  version "5.3.1"
  resolved "https://packages.atlassian.com/api/npm/npm-remote/camelcase/-/camelcase-5.3.1.tgz#e3c9b31569e106811df242f715725a1f4c494320"
  integrity sha1-48mzFWnhBoEd8kL3FXJaH0xJQyA=

cliui@^5.0.0:
  version "5.0.0"
  resolved "https://packages.atlassian.com/api/npm/npm-remote/cliui/-/cliui-5.0.0.tgz#deefcfdb2e800784aa34f46fa08e06851c7bbbc5"
  integrity sha1-3u/P2y6AB4SqNPRvoI4GhRx7u8U=
  dependencies:
    string-width "^3.1.0"
    strip-ansi "^5.2.0"
    wrap-ansi "^5.1.0"

color-convert@^1.9.0:
  version "1.9.3"
  resolved "https://packages.atlassian.com/api/npm/npm-remote/color-convert/-/color-convert-1.9.3.tgz#bb71850690e1f136567de629d2d5471deda4c1e8"
  integrity sha1-u3GFBpDh8TZWfeYp0tVHHe2kweg=
  dependencies:
    color-name "1.1.3"

color-name@1.1.3:
  version "1.1.3"
  resolved "https://packages.atlassian.com/api/npm/npm-remote/color-name/-/color-name-1.1.3.tgz#a7d0558bd89c42f795dd42328f740831ca53bc25"
  integrity sha1-p9BVi9icQveV3UIyj3QIMcpTvCU=

commander@^5.1.0:
  version "5.1.0"
  resolved "https://packages.atlassian.com/api/npm/npm-remote/commander/-/commander-5.1.0.tgz#46abbd1652f8e059bddaef99bbdcb2ad9cf179ae"
  integrity sha1-Rqu9FlL44Fm92u+Zu9yyrZzxea4=

concat-map@0.0.1:
  version "0.0.1"
  resolved "https://packages.atlassian.com/api/npm/npm-remote/concat-map/-/concat-map-0.0.1.tgz#d8a96bd77fd68df7793a73036a3ba0d5405d477b"
  integrity sha1-2Klr13/Wjfd5OnMDajug1UBdR3s=

decamelize@^1.2.0:
  version "1.2.0"
  resolved "https://packages.atlassian.com/api/npm/npm-remote/decamelize/-/decamelize-1.2.0.tgz#f6534d15148269b20352e7bee26f501f9a191290"
  integrity sha1-9lNNFRSCabIDUue+4m9QH5oZEpA=

diff@^4.0.1:
  version "4.0.2"
  resolved "https://packages.atlassian.com/api/npm/npm-remote/diff/-/diff-4.0.2.tgz#60f3aecb89d5fae520c11aa19efc2bb982aade7d"
  integrity sha1-YPOuy4nV+uUgwRqhnvwruYKq3n0=

emoji-regex@^7.0.1:
  version "7.0.3"
  resolved "https://packages.atlassian.com/api/npm/npm-remote/emoji-regex/-/emoji-regex-7.0.3.tgz#933a04052860c85e83c122479c4748a8e4c72156"
  integrity sha1-kzoEBShgyF6DwSJHnEdIqOTHIVY=

fast-deep-equal@^3.1.1:
  version "3.1.1"
  resolved "https://packages.atlassian.com/api/npm/npm-remote/fast-deep-equal/-/fast-deep-equal-3.1.1.tgz#545145077c501491e33b15ec408c294376e94ae4"
  integrity sha1-VFFFB3xQFJHjOxXsQIwpQ3bpSuQ=

fast-json-stable-stringify@^2.0.0:
  version "2.1.0"
  resolved "https://packages.atlassian.com/api/npm/npm-remote/fast-json-stable-stringify/-/fast-json-stable-stringify-2.1.0.tgz#874bf69c6f404c2b5d99c481341399fd55892633"
  integrity sha1-h0v2nG9ATCtdmcSBNBOZ/VWJJjM=

find-up@^3.0.0:
  version "3.0.0"
  resolved "https://packages.atlassian.com/api/npm/npm-remote/find-up/-/find-up-3.0.0.tgz#49169f1d7993430646da61ecc5ae355c21c97b73"
  integrity sha1-SRafHXmTQwZG2mHsxa41XCHJe3M=
  dependencies:
    locate-path "^3.0.0"

fs.realpath@^1.0.0:
  version "1.0.0"
  resolved "https://packages.atlassian.com/api/npm/npm-remote/fs.realpath/-/fs.realpath-1.0.0.tgz#1504ad2523158caa40db4a2787cb01411994ea4f"
  integrity sha1-FQStJSMVjKpA20onh8sBQRmU6k8=

get-caller-file@^2.0.1:
  version "2.0.5"
  resolved "https://packages.atlassian.com/api/npm/npm-remote/get-caller-file/-/get-caller-file-2.0.5.tgz#4f94412a82db32f36e3b0b9741f8a97feb031f7e"
  integrity sha1-T5RBKoLbMvNuOwuXQfipf+sDH34=

glob@~7.1.4:
  version "7.1.6"
  resolved "https://packages.atlassian.com/api/npm/npm-remote/glob/-/glob-7.1.6.tgz#141f33b81a7c2492e125594307480c46679278a6"
  integrity sha1-FB8zuBp8JJLhJVlDB0gMRmeSeKY=
  dependencies:
    fs.realpath "^1.0.0"
    inflight "^1.0.4"
    inherits "2"
    minimatch "^3.0.4"
    once "^1.3.0"
    path-is-absolute "^1.0.0"

inflight@^1.0.4:
  version "1.0.6"
  resolved "https://packages.atlassian.com/api/npm/npm-remote/inflight/-/inflight-1.0.6.tgz#49bd6331d7d02d0c09bc910a1075ba8165b56df9"
  integrity sha1-Sb1jMdfQLQwJvJEKEHW6gWW1bfk=
  dependencies:
    once "^1.3.0"
    wrappy "1"

inherits@2:
  version "2.0.4"
  resolved "https://packages.atlassian.com/api/npm/npm-remote/inherits/-/inherits-2.0.4.tgz#0fa2c64f932917c3433a0ded55363aae37416b7c"
  integrity sha1-D6LGT5MpF8NDOg3tVTY6rjdBa3w=

is-fullwidth-code-point@^2.0.0:
  version "2.0.0"
  resolved "https://packages.atlassian.com/api/npm/npm-remote/is-fullwidth-code-point/-/is-fullwidth-code-point-2.0.0.tgz#a3b30a5c4f199183167aaab93beefae3ddfb654f"
  integrity sha1-o7MKXE8ZkYMWeqq5O+764937ZU8=

json-schema-traverse@^0.4.1:
  version "0.4.1"
  resolved "https://packages.atlassian.com/api/npm/npm-remote/json-schema-traverse/-/json-schema-traverse-0.4.1.tgz#69f6a87d9513ab8bb8fe63bdb0979c448e684660"
  integrity sha1-afaofZUTq4u4/mO9sJecRI5oRmA=

json-stable-stringify@^1.0.1:
  version "1.0.1"
  resolved "https://packages.atlassian.com/api/npm/npm-remote/json-stable-stringify/-/json-stable-stringify-1.0.1.tgz#9a759d39c5f2ff503fd5300646ed445f88c4f9af"
  integrity sha1-mnWdOcXy/1A/1TAGRu1EX4jE+a8=
  dependencies:
    jsonify "~0.0.0"

jsonify@~0.0.0:
  version "0.0.0"
  resolved "https://packages.atlassian.com/api/npm/npm-remote/jsonify/-/jsonify-0.0.0.tgz#2c74b6ee41d93ca51b7b5aaee8f503631d252a73"
  integrity sha1-LHS27kHZPKUbe1qu6PUDYx0lKnM=

jsonpointer@^4.0.1:
  version "4.0.1"
  resolved "https://packages.atlassian.com/api/npm/npm-remote/jsonpointer/-/jsonpointer-4.0.1.tgz#4fd92cb34e0e9db3c89c8622ecf51f9b978c6cb9"
  integrity sha1-T9kss04OnbPInIYi7PUfm5eMbLk=

locate-path@^3.0.0:
  version "3.0.0"
  resolved "https://packages.atlassian.com/api/npm/npm-remote/locate-path/-/locate-path-3.0.0.tgz#dbec3b3ab759758071b58fe59fc41871af21400e"
  integrity sha1-2+w7OrdZdYBxtY/ln8QYca8hQA4=
  dependencies:
    p-locate "^3.0.0"
    path-exists "^3.0.0"

lodash@^4.17.15:
  version "4.17.15"
  resolved "https://packages.atlassian.com/api/npm/npm-remote/lodash/-/lodash-4.17.15.tgz#b447f6670a0455bbfeedd11392eff330ea097548"
  integrity sha1-tEf2ZwoEVbv+7dETku/zMOoJdUg=

make-error@^1.1.1:
  version "1.3.6"
  resolved "https://packages.atlassian.com/api/npm/npm-remote/make-error/-/make-error-1.3.6.tgz#2eb2e37ea9b67c4891f684a1394799af484cf7a2"
  integrity sha1-LrLjfqm2fEiR9oShOUeZr0hM96I=

minimatch@^3.0.4:
  version "3.0.4"
  resolved "https://packages.atlassian.com/api/npm/npm-remote/minimatch/-/minimatch-3.0.4.tgz#5166e286457f03306064be5497e8dbb0c3d32083"
  integrity sha1-UWbihkV/AzBgZL5Ul+jbsMPTIIM=
  dependencies:
    brace-expansion "^1.1.7"

once@^1.3.0:
  version "1.4.0"
  resolved "https://packages.atlassian.com/api/npm/npm-remote/once/-/once-1.4.0.tgz#583b1aa775961d4b113ac17d9c50baef9dd76bd1"
  integrity sha1-WDsap3WWHUsROsF9nFC6753Xa9E=
  dependencies:
    wrappy "1"

openapi-merge@^1.0.16:
  version "1.0.16"
  resolved "https://packages.atlassian.com/api/npm/npm-remote/openapi-merge/-/openapi-merge-1.0.16.tgz#dad728e648c7335ef358b493d9660d06277d1e5c"
  integrity sha1-2tco5kjHM17zWLST2WYNBid9Hlw=
  dependencies:
    atlassian-openapi "^1.0.8"
    lodash "^4.17.15"
    ts-is-present "^1.1.1"

p-limit@^2.0.0:
  version "2.3.0"
  resolved "https://packages.atlassian.com/api/npm/npm-remote/p-limit/-/p-limit-2.3.0.tgz#3dd33c647a214fdfffd835933eb086da0dc21db1"
  integrity sha1-PdM8ZHohT9//2DWTPrCG2g3CHbE=
  dependencies:
    p-try "^2.0.0"

p-locate@^3.0.0:
  version "3.0.0"
  resolved "https://packages.atlassian.com/api/npm/npm-remote/p-locate/-/p-locate-3.0.0.tgz#322d69a05c0264b25997d9f40cd8a891ab0064a4"
  integrity sha1-Mi1poFwCZLJZl9n0DNiokasAZKQ=
  dependencies:
    p-limit "^2.0.0"

p-try@^2.0.0:
  version "2.2.0"
  resolved "https://packages.atlassian.com/api/npm/npm-remote/p-try/-/p-try-2.2.0.tgz#cb2868540e313d61de58fafbe35ce9004d5540e6"
  integrity sha1-yyhoVA4xPWHeWPr741zpAE1VQOY=

path-exists@^3.0.0:
  version "3.0.0"
  resolved "https://packages.atlassian.com/api/npm/npm-remote/path-exists/-/path-exists-3.0.0.tgz#ce0ebeaa5f78cb18925ea7d810d7b59b010fd515"
  integrity sha1-zg6+ql94yxiSXqfYENe1mwEP1RU=

path-is-absolute@^1.0.0:
  version "1.0.1"
  resolved "https://packages.atlassian.com/api/npm/npm-remote/path-is-absolute/-/path-is-absolute-1.0.1.tgz#174b9268735534ffbc7ace6bf53a5a9e1b5c5f5f"
  integrity sha1-F0uSaHNVNP+8es5r9TpanhtcX18=

punycode@^2.1.0:
  version "2.1.1"
  resolved "https://packages.atlassian.com/api/npm/npm-remote/punycode/-/punycode-2.1.1.tgz#b58b010ac40c22c5657616c8d2c2c02c7bf479ec"
  integrity sha1-tYsBCsQMIsVldhbI0sLALHv0eew=

require-directory@^2.1.1:
  version "2.1.1"
  resolved "https://packages.atlassian.com/api/npm/npm-remote/require-directory/-/require-directory-2.1.1.tgz#8c64ad5fd30dab1c976e2344ffe7f792a6a6df42"
  integrity sha1-jGStX9MNqxyXbiNE/+f3kqam30I=

require-main-filename@^2.0.0:
  version "2.0.0"
  resolved "https://packages.atlassian.com/api/npm/npm-remote/require-main-filename/-/require-main-filename-2.0.0.tgz#d0b329ecc7cc0f61649f62215be69af54aa8989b"
  integrity sha1-0LMp7MfMD2Fkn2IhW+aa9UqomJs=

set-blocking@^2.0.0:
  version "2.0.0"
  resolved "https://packages.atlassian.com/api/npm/npm-remote/set-blocking/-/set-blocking-2.0.0.tgz#045f9782d011ae9a6803ddd382b24392b3d890f7"
  integrity sha1-BF+XgtARrppoA93TgrJDkrPYkPc=

source-map-support@^0.5.17:
  version "0.5.19"
  resolved "https://packages.atlassian.com/api/npm/npm-remote/source-map-support/-/source-map-support-0.5.19.tgz#a98b62f86dcaf4f67399648c085291ab9e8fed61"
  integrity sha1-qYti+G3K9PZzmWSMCFKRq56P7WE=
  dependencies:
    buffer-from "^1.0.0"
    source-map "^0.6.0"

source-map@^0.6.0:
  version "0.6.1"
  resolved "https://packages.atlassian.com/api/npm/npm-remote/source-map/-/source-map-0.6.1.tgz#74722af32e9614e9c287a8d0bbde48b5e2f1a263"
  integrity sha1-dHIq8y6WFOnCh6jQu95IteLxomM=

string-width@^3.0.0, string-width@^3.1.0:
  version "3.1.0"
  resolved "https://packages.atlassian.com/api/npm/npm-remote/string-width/-/string-width-3.1.0.tgz#22767be21b62af1081574306f69ac51b62203961"
  integrity sha1-InZ74htirxCBV0MG9prFG2IgOWE=
  dependencies:
    emoji-regex "^7.0.1"
    is-fullwidth-code-point "^2.0.0"
    strip-ansi "^5.1.0"

strip-ansi@^5.0.0, strip-ansi@^5.1.0, strip-ansi@^5.2.0:
  version "5.2.0"
  resolved "https://packages.atlassian.com/api/npm/npm-remote/strip-ansi/-/strip-ansi-5.2.0.tgz#8c9a536feb6afc962bdfa5b104a5091c1ad9c0ae"
  integrity sha1-jJpTb+tq/JYr36WxBKUJHBrZwK4=
  dependencies:
    ansi-regex "^4.1.0"

ts-is-present@^1.1.1:
  version "1.1.1"
  resolved "https://packages.atlassian.com/api/npm/npm-remote/ts-is-present/-/ts-is-present-1.1.1.tgz#eaf23db58c093f0c9e787549c921e2a1689726f2"
  integrity sha1-6vI9tYwJPwyeeHVJySHioWiXJvI=

ts-node@^8.10.1:
  version "8.10.1"
  resolved "https://packages.atlassian.com/api/npm/npm-remote/ts-node/-/ts-node-8.10.1.tgz#77da0366ff8afbe733596361d2df9a60fc9c9bd3"
  integrity sha1-d9oDZv+K++czWWNh0t+aYPycm9M=
  dependencies:
    arg "^4.1.0"
    diff "^4.0.1"
    make-error "^1.1.1"
    source-map-support "^0.5.17"
    yn "3.1.1"

typescript-json-schema@^0.42.0:
  version "0.42.0"
  resolved "https://packages.atlassian.com/api/npm/npm-remote/typescript-json-schema/-/typescript-json-schema-0.42.0.tgz#695f212a72d91d47c0605371dc697597b7817c1b"
  integrity sha1-aV8hKnLZHUfAYFNx3Gl1l7eBfBs=
  dependencies:
    "@types/json-schema" "^7.0.3"
    glob "~7.1.4"
    json-stable-stringify "^1.0.1"
    typescript "^3.5.3"
    yargs "^14.0.0"

typescript@^3.5.3, typescript@^3.8.3:
  version "3.8.3"
  resolved "https://packages.atlassian.com/api/npm/npm-remote/typescript/-/typescript-3.8.3.tgz#409eb8544ea0335711205869ec458ab109ee1061"
  integrity sha1-QJ64VE6gM1cRIFhp7EWKsQnuEGE=

uri-js@^4.2.2:
  version "4.2.2"
  resolved "https://packages.atlassian.com/api/npm/npm-remote/uri-js/-/uri-js-4.2.2.tgz#94c540e1ff772956e2299507c010aea6c8838eb0"
  integrity sha1-lMVA4f93KVbiKZUHwBCupsiDjrA=
  dependencies:
    punycode "^2.1.0"

urijs@^1.18.10:
  version "1.19.2"
  resolved "https://packages.atlassian.com/api/npm/npm-remote/urijs/-/urijs-1.19.2.tgz#f9be09f00c4c5134b7cb3cf475c1dd394526265a"
  integrity sha1-+b4J8AxMUTS3yzz0dcHdOUUmJlo=

which-module@^2.0.0:
  version "2.0.0"
  resolved "https://packages.atlassian.com/api/npm/npm-remote/which-module/-/which-module-2.0.0.tgz#d9ef07dce77b9902b8a3a8fa4b31c3e3f7e6e87a"
  integrity sha1-2e8H3Od7mQK4o6j6SzHD4/fm6Ho=

wrap-ansi@^5.1.0:
  version "5.1.0"
  resolved "https://packages.atlassian.com/api/npm/npm-remote/wrap-ansi/-/wrap-ansi-5.1.0.tgz#1fd1f67235d5b6d0fee781056001bfb694c03b09"
  integrity sha1-H9H2cjXVttD+54EFYAG/tpTAOwk=
  dependencies:
    ansi-styles "^3.2.0"
    string-width "^3.0.0"
    strip-ansi "^5.0.0"

wrappy@1:
  version "1.0.2"
  resolved "https://packages.atlassian.com/api/npm/npm-remote/wrappy/-/wrappy-1.0.2.tgz#b5243d8f3ec1aa35f1364605bc0d1036e30ab69f"
  integrity sha1-tSQ9jz7BqjXxNkYFvA0QNuMKtp8=

y18n@^4.0.0:
  version "4.0.0"
  resolved "https://packages.atlassian.com/api/npm/npm-remote/y18n/-/y18n-4.0.0.tgz#95ef94f85ecc81d007c264e190a120f0a3c8566b"
  integrity sha1-le+U+F7MgdAHwmThkKEg8KPIVms=

yargs-parser@^15.0.1:
  version "15.0.1"
  resolved "https://packages.atlassian.com/api/npm/npm-remote/yargs-parser/-/yargs-parser-15.0.1.tgz#54786af40b820dcb2fb8025b11b4d659d76323b3"
  integrity sha1-VHhq9AuCDcsvuAJbEbTWWddjI7M=
  dependencies:
    camelcase "^5.0.0"
    decamelize "^1.2.0"

yargs@^14.0.0:
  version "14.2.3"
  resolved "https://packages.atlassian.com/api/npm/npm-remote/yargs/-/yargs-14.2.3.tgz#1a1c3edced1afb2a2fea33604bc6d1d8d688a414"
  integrity sha1-Ghw+3O0a+yov6jNgS8bR2NaIpBQ=
  dependencies:
    cliui "^5.0.0"
    decamelize "^1.2.0"
    find-up "^3.0.0"
    get-caller-file "^2.0.1"
    require-directory "^2.1.1"
    require-main-filename "^2.0.0"
    set-blocking "^2.0.0"
    string-width "^3.0.0"
    which-module "^2.0.0"
    y18n "^4.0.0"
    yargs-parser "^15.0.1"

yn@3.1.1:
  version "3.1.1"
  resolved "https://packages.atlassian.com/api/npm/npm-remote/yn/-/yn-3.1.1.tgz#1e87401a09d767c1d5eab26a6e4c185182d2eb50"
  integrity sha1-HodAGgnXZ8HV6rJqbkwYUYLS61A=
